
Microsoft Visual Studio Solution File, Format Version 12.00
# Visual Studio Version 16
VisualStudioVersion = 25.0.1703.4
MinimumVisualStudioVersion = 10.0.40219.1
Project("{FAE04EC0-301F-11D3-BF4B-00C04F79EFBC}") = "todo", "todo.csproj", "{9CBAF897-97E2-4D92-B0BC-2D8270A8AED4}"
EndProject
Global
	GlobalSection(SolutionConfigurationPlatforms) = preSolution
		Debug|Any CPU = Debug|Any CPU
		Release|Any CPU = Release|Any CPU
	EndGlobalSection
	GlobalSection(ProjectConfigurationPlatforms) = postSolution
		{9CBAF897-97E2-4D92-B0BC-2D8270A8AED4}.Debug|Any CPU.ActiveCfg = Debug|Any CPU
		{9CBAF897-97E2-4D92-B0BC-2D8270A8AED4}.Debug|Any CPU.Build.0 = Debug|Any CPU
		{9CBAF897-97E2-4D92-B0BC-2D8270A8AED4}.Release|Any CPU.ActiveCfg = Release|Any CPU
		{9CBAF897-97E2-4D92-B0BC-2D8270A8AED4}.Release|Any CPU.Build.0 = Release|Any CPU
	EndGlobalSection
	GlobalSection(SolutionProperties) = preSolution
		HideSolutionNode = FALSE
	EndGlobalSection
	GlobalSection(ExtensibilityGlobals) = postSolution
		SolutionGuid = {D9DFDF7D-581E-41DF-852E-BA7E3CC8C851}
	EndGlobalSection
EndGlobal
